
Microsoft Visual Studio Solution File, Format Version 12.00
# Visual Studio Version 16
VisualStudioVersion = 16.0.30907.101
MinimumVisualStudioVersion = 10.0.40219.1
Project("{FAE04EC0-301F-11D3-BF4B-00C04F79EFBC}") = "demoapp", "demoapp\demoapp.csproj", "{3D653818-D452-460D-A95F-4265A72B4222}"
EndProject
Global
	GlobalSection(SolutionConfigurationPlatforms) = preSolution
		Debug|Any CPU = Debug|Any CPU
		Release|Any CPU = Release|Any CPU
	EndGlobalSection
	GlobalSection(ProjectConfigurationPlatforms) = postSolution
		{3D653818-D452-460D-A95F-4265A72B4222}.Debug|Any CPU.ActiveCfg = Debug|Any CPU
		{3D653818-D452-460D-A95F-4265A72B4222}.Debug|Any CPU.Build.0 = Debug|Any CPU
		{3D653818-D452-460D-A95F-4265A72B4222}.Release|Any CPU.ActiveCfg = Release|Any CPU
		{3D653818-D452-460D-A95F-4265A72B4222}.Release|Any CPU.Build.0 = Release|Any CPU
	EndGlobalSection
	GlobalSection(SolutionProperties) = preSolution
		HideSolutionNode = FALSE
	EndGlobalSection
	GlobalSection(ExtensibilityGlobals) = postSolution
		SolutionGuid = {A6BC5B40-C70B-4802-AF66-B9D6CEEE3C22}
	EndGlobalSection
EndGlobal
